
Microsoft Visual Studio Solution File, Format Version 12.00
# Visual Studio 14
VisualStudioVersion = 14.0.25420.1
MinimumVisualStudioVersion = 10.0.40219.1
Project("{2150E333-8FDC-42A3-9474-1A3956D46DE8}") = "src", "src", "{6A2FF78C-427C-41BD-B16B-B070A63B7D06}"
EndProject
Project("{2150E333-8FDC-42A3-9474-1A3956D46DE8}") = "Solution Items", "Solution Items", "{79E255C0-79D1-4D22-AD66-5E2C0111E660}"
	ProjectSection(SolutionItems) = preProject
		global.json = global.json
	EndProjectSection
EndProject
Project("{8BB2217D-0F2D-49D1-97BC-3654ED321F3B}") = "Ticket", "src\Ticket\Ticket.xproj", "{3B885EFD-AA4E-4BF0-9559-7F11981810F4}"
EndProject
Global
	GlobalSection(SolutionConfigurationPlatforms) = preSolution
		Debug|Any CPU = Debug|Any CPU
		Release|Any CPU = Release|Any CPU
	EndGlobalSection
	GlobalSection(ProjectConfigurationPlatforms) = postSolution
		{3B885EFD-AA4E-4BF0-9559-7F11981810F4}.Debug|Any CPU.ActiveCfg = Debug|Any CPU
		{3B885EFD-AA4E-4BF0-9559-7F11981810F4}.Debug|Any CPU.Build.0 = Debug|Any CPU
		{3B885EFD-AA4E-4BF0-9559-7F11981810F4}.Release|Any CPU.ActiveCfg = Release|Any CPU
		{3B885EFD-AA4E-4BF0-9559-7F11981810F4}.Release|Any CPU.Build.0 = Release|Any CPU
	EndGlobalSection
	GlobalSection(SolutionProperties) = preSolution
		HideSolutionNode = FALSE
	EndGlobalSection
	GlobalSection(NestedProjects) = preSolution
		{3B885EFD-AA4E-4BF0-9559-7F11981810F4} = {6A2FF78C-427C-41BD-B16B-B070A63B7D06}
	EndGlobalSection
EndGlobal
