
Microsoft Visual Studio Solution File, Format Version 12.00
# Visual Studio 2013
VisualStudioVersion = 12.0.21005.1
MinimumVisualStudioVersion = 10.0.40219.1
Project("{FAE04EC0-301F-11D3-BF4B-00C04F79EFBC}") = "Syns.Ticket.Business", "Syns.Ticket.Business\Syns.Ticket.Business.csproj", "{585169B7-3542-40B4-8DB2-BE850D03D73E}"
EndProject
Project("{FAE04EC0-301F-11D3-BF4B-00C04F79EFBC}") = "Syns.Ticket.Lib", "Syns.Ticket.Lib\Syns.Ticket.Lib.csproj", "{6FC08357-92A4-4228-A9B7-4B68857CD632}"
EndProject
Project("{FAE04EC0-301F-11D3-BF4B-00C04F79EFBC}") = "Syns.Ticket.ClientMvc", "Syns.Ticket.ClientMvc\Syns.Ticket.ClientMvc.csproj", "{1EF4821A-2546-4A64-94BF-1CBD73AEACAE}"
EndProject
Project("{2150E333-8FDC-42A3-9474-1A3956D46DE8}") = ".nuget", ".nuget", "{C8912F46-0CE1-4BBC-B773-EA2332A0BC90}"
	ProjectSection(SolutionItems) = preProject
		.nuget\NuGet.Config = .nuget\NuGet.Config
		.nuget\NuGet.exe = .nuget\NuGet.exe
		.nuget\NuGet.targets = .nuget\NuGet.targets
	EndProjectSection
EndProject
Global
	GlobalSection(SolutionConfigurationPlatforms) = preSolution
		Debug|Any CPU = Debug|Any CPU
		Release|Any CPU = Release|Any CPU
	EndGlobalSection
	GlobalSection(ProjectConfigurationPlatforms) = postSolution
		{585169B7-3542-40B4-8DB2-BE850D03D73E}.Debug|Any CPU.ActiveCfg = Debug|Any CPU
		{585169B7-3542-40B4-8DB2-BE850D03D73E}.Debug|Any CPU.Build.0 = Debug|Any CPU
		{585169B7-3542-40B4-8DB2-BE850D03D73E}.Release|Any CPU.ActiveCfg = Release|Any CPU
		{585169B7-3542-40B4-8DB2-BE850D03D73E}.Release|Any CPU.Build.0 = Release|Any CPU
		{6FC08357-92A4-4228-A9B7-4B68857CD632}.Debug|Any CPU.ActiveCfg = Debug|Any CPU
		{6FC08357-92A4-4228-A9B7-4B68857CD632}.Debug|Any CPU.Build.0 = Debug|Any CPU
		{6FC08357-92A4-4228-A9B7-4B68857CD632}.Release|Any CPU.ActiveCfg = Release|Any CPU
		{6FC08357-92A4-4228-A9B7-4B68857CD632}.Release|Any CPU.Build.0 = Release|Any CPU
		{1EF4821A-2546-4A64-94BF-1CBD73AEACAE}.Debug|Any CPU.ActiveCfg = Debug|Any CPU
		{1EF4821A-2546-4A64-94BF-1CBD73AEACAE}.Debug|Any CPU.Build.0 = Debug|Any CPU
		{1EF4821A-2546-4A64-94BF-1CBD73AEACAE}.Release|Any CPU.ActiveCfg = Release|Any CPU
		{1EF4821A-2546-4A64-94BF-1CBD73AEACAE}.Release|Any CPU.Build.0 = Release|Any CPU
	EndGlobalSection
	GlobalSection(SolutionProperties) = preSolution
		HideSolutionNode = FALSE
	EndGlobalSection
EndGlobal
